
Microsoft Visual Studio Solution File, Format Version 12.00
# Visual Studio Version 17
VisualStudioVersion = 17.11.35312.102
MinimumVisualStudioVersion = 10.0.40219.1
Project("{FAE04EC0-301F-11D3-BF4B-00C04F79EFBC}") = "LB1", "LB1\LB1.csproj", "{005996E3-9B1B-4C2F-9444-970CF69B4C39}"
EndProject
Global
	GlobalSection(SolutionConfigurationPlatforms) = preSolution
		Debug|Any CPU = Debug|Any CPU
		Release|Any CPU = Release|Any CPU
	EndGlobalSection
	GlobalSection(ProjectConfigurationPlatforms) = postSolution
		{005996E3-9B1B-4C2F-9444-970CF69B4C39}.Debug|Any CPU.ActiveCfg = Debug|Any CPU
		{005996E3-9B1B-4C2F-9444-970CF69B4C39}.Debug|Any CPU.Build.0 = Debug|Any CPU
		{005996E3-9B1B-4C2F-9444-970CF69B4C39}.Release|Any CPU.ActiveCfg = Release|Any CPU
		{005996E3-9B1B-4C2F-9444-970CF69B4C39}.Release|Any CPU.Build.0 = Release|Any CPU
	EndGlobalSection
	GlobalSection(SolutionProperties) = preSolution
		HideSolutionNode = FALSE
	EndGlobalSection
	GlobalSection(ExtensibilityGlobals) = postSolution
		SolutionGuid = {CC59C594-44EC-4858-99B6-588B9F8DBAC9}
	EndGlobalSection
EndGlobal
